
Microsoft Visual Studio Solution File, Format Version 12.00
# Visual Studio Version 17
VisualStudioVersion = 17.9.34622.214
MinimumVisualStudioVersion = 10.0.40219.1
Project("{FAE04EC0-301F-11D3-BF4B-00C04F79EFBC}") = "LetterCombinationofPhoneNumber", "LetterCombinationofPhoneNumber\LetterCombinationofPhoneNumber.csproj", "{751006C6-9D0B-4CD2-A8A8-69A17BE93C94}"
EndProject
Global
	GlobalSection(SolutionConfigurationPlatforms) = preSolution
		Debug|Any CPU = Debug|Any CPU
		Release|Any CPU = Release|Any CPU
	EndGlobalSection
	GlobalSection(ProjectConfigurationPlatforms) = postSolution
		{751006C6-9D0B-4CD2-A8A8-69A17BE93C94}.Debug|Any CPU.ActiveCfg = Debug|Any CPU
		{751006C6-9D0B-4CD2-A8A8-69A17BE93C94}.Debug|Any CPU.Build.0 = Debug|Any CPU
		{751006C6-9D0B-4CD2-A8A8-69A17BE93C94}.Release|Any CPU.ActiveCfg = Release|Any CPU
		{751006C6-9D0B-4CD2-A8A8-69A17BE93C94}.Release|Any CPU.Build.0 = Release|Any CPU
	EndGlobalSection
	GlobalSection(SolutionProperties) = preSolution
		HideSolutionNode = FALSE
	EndGlobalSection
	GlobalSection(ExtensibilityGlobals) = postSolution
		SolutionGuid = {1C906E52-DE88-4A78-B86A-21A69F46A59D}
	EndGlobalSection
EndGlobal
